
Microsoft Visual Studio Solution File, Format Version 12.00
# Visual Studio Version 17
VisualStudioVersion = 17.3.32922.545
MinimumVisualStudioVersion = 10.0.40219.1
Project("{9A19103F-16F7-4668-BE54-9A1E7A4F7556}") = "StudentProfileApi", "StudentProfileApi\StudentProfileApi.csproj", "{4A4751CD-4792-40B6-8539-D560509C5E8B}"
EndProject
Global
	GlobalSection(SolutionConfigurationPlatforms) = preSolution
		Debug|Any CPU = Debug|Any CPU
		Release|Any CPU = Release|Any CPU
	EndGlobalSection
	GlobalSection(ProjectConfigurationPlatforms) = postSolution
		{4A4751CD-4792-40B6-8539-D560509C5E8B}.Debug|Any CPU.ActiveCfg = Debug|Any CPU
		{4A4751CD-4792-40B6-8539-D560509C5E8B}.Debug|Any CPU.Build.0 = Debug|Any CPU
		{4A4751CD-4792-40B6-8539-D560509C5E8B}.Release|Any CPU.ActiveCfg = Release|Any CPU
		{4A4751CD-4792-40B6-8539-D560509C5E8B}.Release|Any CPU.Build.0 = Release|Any CPU
	EndGlobalSection
	GlobalSection(SolutionProperties) = preSolution
		HideSolutionNode = FALSE
	EndGlobalSection
	GlobalSection(ExtensibilityGlobals) = postSolution
		SolutionGuid = {227D6978-8C61-402C-BCD3-5A6DD820337B}
	EndGlobalSection
EndGlobal
